
Microsoft Visual Studio Solution File, Format Version 12.00
# Visual Studio Version 17
VisualStudioVersion = 17.4.33103.184
MinimumVisualStudioVersion = 10.0.40219.1
Project("{FAE04EC0-301F-11D3-BF4B-00C04F79EFBC}") = "Tatar_Gabriela_Lab02", "Tatar_Gabriela_Lab02\Tatar_Gabriela_Lab02.csproj", "{BEE86454-16A5-4E0E-9152-80C2BD85DF84}"
EndProject
Global
	GlobalSection(SolutionConfigurationPlatforms) = preSolution
		Debug|Any CPU = Debug|Any CPU
		Release|Any CPU = Release|Any CPU
	EndGlobalSection
	GlobalSection(ProjectConfigurationPlatforms) = postSolution
		{BEE86454-16A5-4E0E-9152-80C2BD85DF84}.Debug|Any CPU.ActiveCfg = Debug|Any CPU
		{BEE86454-16A5-4E0E-9152-80C2BD85DF84}.Debug|Any CPU.Build.0 = Debug|Any CPU
		{BEE86454-16A5-4E0E-9152-80C2BD85DF84}.Release|Any CPU.ActiveCfg = Release|Any CPU
		{BEE86454-16A5-4E0E-9152-80C2BD85DF84}.Release|Any CPU.Build.0 = Release|Any CPU
	EndGlobalSection
	GlobalSection(SolutionProperties) = preSolution
		HideSolutionNode = FALSE
	EndGlobalSection
	GlobalSection(ExtensibilityGlobals) = postSolution
		SolutionGuid = {CF3040B6-83C4-433F-938D-78979C89668B}
	EndGlobalSection
EndGlobal
